
Microsoft Visual Studio Solution File, Format Version 12.00
# Visual Studio Version 16
VisualStudioVersion = 16.0.29709.97
MinimumVisualStudioVersion = 10.0.40219.1
Project("{FAE04EC0-301F-11D3-BF4B-00C04F79EFBC}") = "BusExpense2-2505", "BusExpense2-2505\BusExpense2-2505.csproj", "{7DC28B2E-BE37-4F93-B3DE-B8322F02E48C}"
EndProject
Global
	GlobalSection(SolutionConfigurationPlatforms) = preSolution
		Debug|Any CPU = Debug|Any CPU
		Release|Any CPU = Release|Any CPU
	EndGlobalSection
	GlobalSection(ProjectConfigurationPlatforms) = postSolution
		{7DC28B2E-BE37-4F93-B3DE-B8322F02E48C}.Debug|Any CPU.ActiveCfg = Debug|Any CPU
		{7DC28B2E-BE37-4F93-B3DE-B8322F02E48C}.Debug|Any CPU.Build.0 = Debug|Any CPU
		{7DC28B2E-BE37-4F93-B3DE-B8322F02E48C}.Release|Any CPU.ActiveCfg = Release|Any CPU
		{7DC28B2E-BE37-4F93-B3DE-B8322F02E48C}.Release|Any CPU.Build.0 = Release|Any CPU
	EndGlobalSection
	GlobalSection(SolutionProperties) = preSolution
		HideSolutionNode = FALSE
	EndGlobalSection
	GlobalSection(ExtensibilityGlobals) = postSolution
		SolutionGuid = {7591AE0E-8D0D-4461-8DF2-A77372F5A428}
	EndGlobalSection
EndGlobal
